// !$*UTF8*$!
{
	archiveVersion = 1;
	classes = {
	};
	objectVersion = 50;
	objects = {

/* Begin PBXBuildFile section */
		10404A2F811EA1C385697FD3 /* Pods_PseudoPieGraphExample.framework in Frameworks */ = {isa = PBXBuildFile; fileRef = 25DDE83A2DD026B949D71045 /* Pods_PseudoPieGraphExample.framework */; };
		120DA4EB24AF2BA8003B2CD3 /* AppDelegate.swift in Sources */ = {isa = PBXBuildFile; fileRef = 120DA4EA24AF2BA8003B2CD3 /* AppDelegate.swift */; };
		120DA4EF24AF2BA8003B2CD3 /* ViewController.swift in Sources */ = {isa = PBXBuildFile; fileRef = 120DA4EE24AF2BA8003B2CD3 /* ViewController.swift */; };
		120DA4F224AF2BA8003B2CD3 /* Main.storyboard in Resources */ = {isa = PBXBuildFile; fileRef = 120DA4F024AF2BA8003B2CD3 /* Main.storyboard */; };
		120DA4F424AF2BA9003B2CD3 /* Assets.xcassets in Resources */ = {isa = PBXBuildFile; fileRef = 120DA4F324AF2BA9003B2CD3 /* Assets.xcassets */; };
		120DA4F724AF2BA9003B2CD3 /* LaunchScreen.storyboard in Resources */ = {isa = PBXBuildFile; fileRef = 120DA4F524AF2BA9003B2CD3 /* LaunchScreen.storyboard */; };
		120DA50224AF2BA9003B2CD3 /* PseudoPieGraphExampleTests.swift in Sources */ = {isa = PBXBuildFile; fileRef = 120DA50124AF2BA9003B2CD3 /* PseudoPieGraphExampleTests.swift */; };
		120DA50D24AF2BA9003B2CD3 /* PseudoPieGraphExampleUITests.swift in Sources */ = {isa = PBXBuildFile; fileRef = 120DA50C24AF2BA9003B2CD3 /* PseudoPieGraphExampleUITests.swift */; };
/* End PBXBuildFile section */

/* Begin PBXContainerItemProxy section */
		120DA4FE24AF2BA9003B2CD3 /* PBXContainerItemProxy */ = {
			isa = PBXContainerItemProxy;
			containerPortal = 120DA4DF24AF2BA8003B2CD3 /* Project object */;
			proxyType = 1;
			remoteGlobalIDString = 120DA4E624AF2BA8003B2CD3;
			remoteInfo = PseudoPieGraphExample;
		};
		120DA50924AF2BA9003B2CD3 /* PBXContainerItemProxy */ = {
			isa = PBXContainerItemProxy;
			containerPortal = 120DA4DF24AF2BA8003B2CD3 /* Project object */;
			proxyType = 1;
			remoteGlobalIDString = 120DA4E624AF2BA8003B2CD3;
			remoteInfo = PseudoPieGraphExample;
		};
/* End PBXContainerItemProxy section */

/* Begin PBXFileReference section */
		120DA4E724AF2BA8003B2CD3 /* PseudoPieGraphExample.app */ = {isa = PBXFileReference; explicitFileType = wrapper.application; includeInIndex = 0; path = PseudoPieGraphExample.app; sourceTree = BUILT_PRODUCTS_DIR; };
		120DA4EA24AF2BA8003B2CD3 /* AppDelegate.swift */ = {isa = PBXFileReference; lastKnownFileType = sourcecode.swift; path = AppDelegate.swift; sourceTree = "<group>"; };
		120DA4EE24AF2BA8003B2CD3 /* ViewController.swift */ = {isa = PBXFileReference; lastKnownFileType = sourcecode.swift; path = ViewController.swift; sourceTree = "<group>"; };
		120DA4F124AF2BA8003B2CD3 /* Base */ = {isa = PBXFileReference; lastKnownFileType = file.storyboard; name = Base; path = Base.lproj/Main.storyboard; sourceTree = "<group>"; };
		120DA4F324AF2BA9003B2CD3 /* Assets.xcassets */ = {isa = PBXFileReference; lastKnownFileType = folder.assetcatalog; path = Assets.xcassets; sourceTree = "<group>"; };
		120DA4F624AF2BA9003B2CD3 /* Base */ = {isa = PBXFileReference; lastKnownFileType = file.storyboard; name = Base; path = Base.lproj/LaunchScreen.storyboard; sourceTree = "<group>"; };
		120DA4F824AF2BA9003B2CD3 /* Info.plist */ = {isa = PBXFileReference; lastKnownFileType = text.plist.xml; path = Info.plist; sourceTree = "<group>"; };
		120DA4FD24AF2BA9003B2CD3 /* PseudoPieGraphExampleTests.xctest */ = {isa = PBXFileReference; explicitFileType = wrapper.cfbundle; includeInIndex = 0; path = PseudoPieGraphExampleTests.xctest; sourceTree = BUILT_PRODUCTS_DIR; };
		120DA50124AF2BA9003B2CD3 /* PseudoPieGraphExampleTests.swift */ = {isa = PBXFileReference; lastKnownFileType = sourcecode.swift; path = PseudoPieGraphExampleTests.swift; sourceTree = "<group>"; };
		120DA50324AF2BA9003B2CD3 /* Info.plist */ = {isa = PBXFileReference; lastKnownFileType = text.plist.xml; path = Info.plist; sourceTree = "<group>"; };
		120DA50824AF2BA9003B2CD3 /* PseudoPieGraphExampleUITests.xctest */ = {isa = PBXFileReference; explicitFileType = wrapper.cfbundle; includeInIndex = 0; path = PseudoPieGraphExampleUITests.xctest; sourceTree = BUILT_PRODUCTS_DIR; };
		120DA50C24AF2BA9003B2CD3 /* PseudoPieGraphExampleUITests.swift */ = {isa = PBXFileReference; lastKnownFileType = sourcecode.swift; path = PseudoPieGraphExampleUITests.swift; sourceTree = "<group>"; };
		120DA50E24AF2BA9003B2CD3 /* Info.plist */ = {isa = PBXFileReference; lastKnownFileType = text.plist.xml; path = Info.plist; sourceTree = "<group>"; };
		1D0EE00E4EB7185252F0307B /* Pods-PseudoPieGraphExample.release.xcconfig */ = {isa = PBXFileReference; includeInIndex = 1; lastKnownFileType = text.xcconfig; name = "Pods-PseudoPieGraphExample.release.xcconfig"; path = "Target Support Files/Pods-PseudoPieGraphExample/Pods-PseudoPieGraphExample.release.xcconfig"; sourceTree = "<group>"; };
		25DDE83A2DD026B949D71045 /* Pods_PseudoPieGraphExample.framework */ = {isa = PBXFileReference; explicitFileType = wrapper.framework; includeInIndex = 0; path = Pods_PseudoPieGraphExample.framework; sourceTree = BUILT_PRODUCTS_DIR; };
		C868DBA6FF47682B152DE07D /* Pods-PseudoPieGraphExample.debug.xcconfig */ = {isa = PBXFileReference; includeInIndex = 1; lastKnownFileType = text.xcconfig; name = "Pods-PseudoPieGraphExample.debug.xcconfig"; path = "Target Support Files/Pods-PseudoPieGraphExample/Pods-PseudoPieGraphExample.debug.xcconfig"; sourceTree = "<group>"; };
/* End PBXFileReference section */

/* Begin PBXFrameworksBuildPhase section */
		120DA4E424AF2BA8003B2CD3 /* Frameworks */ = {
			isa = PBXFrameworksBuildPhase;
			buildActionMask = 2147483647;
			files = (
				10404A2F811EA1C385697FD3 /* Pods_PseudoPieGraphExample.framework in Frameworks */,
			);
			runOnlyForDeploymentPostprocessing = 0;
		};
		120DA4FA24AF2BA9003B2CD3 /* Frameworks */ = {
			isa = PBXFrameworksBuildPhase;
			buildActionMask = 2147483647;
			files = (
			);
			runOnlyForDeploymentPostprocessing = 0;
		};
		120DA50524AF2BA9003B2CD3 /* Frameworks */ = {
			isa = PBXFrameworksBuildPhase;
			buildActionMask = 2147483647;
			files = (
			);
			runOnlyForDeploymentPostprocessing = 0;
		};
/* End PBXFrameworksBuildPhase section */

/* Begin PBXGroup section */
		120DA4DE24AF2BA8003B2CD3 = {
			isa = PBXGroup;
			children = (
				120DA4E924AF2BA8003B2CD3 /* PseudoPieGraphExample */,
				120DA50024AF2BA9003B2CD3 /* PseudoPieGraphExampleTests */,
				120DA50B24AF2BA9003B2CD3 /* PseudoPieGraphExampleUITests */,
				120DA4E824AF2BA8003B2CD3 /* Products */,
				1E50BBF5C24B479BED27FF29 /* Pods */,
				3E3697428DD1AB7682ECD3B9 /* Frameworks */,
			);
			sourceTree = "<group>";
		};
		120DA4E824AF2BA8003B2CD3 /* Products */ = {
			isa = PBXGroup;
			children = (
				120DA4E724AF2BA8003B2CD3 /* PseudoPieGraphExample.app */,
				120DA4FD24AF2BA9003B2CD3 /* PseudoPieGraphExampleTests.xctest */,
				120DA50824AF2BA9003B2CD3 /* PseudoPieGraphExampleUITests.xctest */,
			);
			name = Products;
			sourceTree = "<group>";
		};
		120DA4E924AF2BA8003B2CD3 /* PseudoPieGraphExample */ = {
			isa = PBXGroup;
			children = (
				120DA4EA24AF2BA8003B2CD3 /* AppDelegate.swift */,
				120DA4EE24AF2BA8003B2CD3 /* ViewController.swift */,
				120DA4F024AF2BA8003B2CD3 /* Main.storyboard */,
				120DA4F324AF2BA9003B2CD3 /* Assets.xcassets */,
				120DA4F524AF2BA9003B2CD3 /* LaunchScreen.storyboard */,
				120DA4F824AF2BA9003B2CD3 /* Info.plist */,
			);
			path = PseudoPieGraphExample;
			sourceTree = "<group>";
		};
		120DA50024AF2BA9003B2CD3 /* PseudoPieGraphExampleTests */ = {
			isa = PBXGroup;
			children = (
				120DA50124AF2BA9003B2CD3 /* PseudoPieGraphExampleTests.swift */,
				120DA50324AF2BA9003B2CD3 /* Info.plist */,
			);
			path = PseudoPieGraphExampleTests;
			sourceTree = "<group>";
		};
		120DA50B24AF2BA9003B2CD3 /* PseudoPieGraphExampleUITests */ = {
			isa = PBXGroup;
			children = (
				120DA50C24AF2BA9003B2CD3 /* PseudoPieGraphExampleUITests.swift */,
				120DA50E24AF2BA9003B2CD3 /* Info.plist */,
			);
			path = PseudoPieGraphExampleUITests;
			sourceTree = "<group>";
		};
		1E50BBF5C24B479BED27FF29 /* Pods */ = {
			isa = PBXGroup;
			children = (
				C868DBA6FF47682B152DE07D /* Pods-PseudoPieGraphExample.debug.xcconfig */,
				1D0EE00E4EB7185252F0307B /* Pods-PseudoPieGraphExample.release.xcconfig */,
			);
			path = Pods;
			sourceTree = "<group>";
		};
		3E3697428DD1AB7682ECD3B9 /* Frameworks */ = {
			isa = PBXGroup;
			children = (
				25DDE83A2DD026B949D71045 /* Pods_PseudoPieGraphExample.framework */,
			);
			name = Frameworks;
			sourceTree = "<group>";
		};
/* End PBXGroup section */

/* Begin PBXNativeTarget section */
		120DA4E624AF2BA8003B2CD3 /* PseudoPieGraphExample */ = {
			isa = PBXNativeTarget;
			buildConfigurationList = 120DA51124AF2BA9003B2CD3 /* Build configuration list for PBXNativeTarget "PseudoPieGraphExample" */;
			buildPhases = (
				3575DBF15600E7851F0B2D2B /* [CP] Check Pods Manifest.lock */,
				120DA4E324AF2BA8003B2CD3 /* Sources */,
				120DA4E424AF2BA8003B2CD3 /* Frameworks */,
				120DA4E524AF2BA8003B2CD3 /* Resources */,
			);
			buildRules = (
			);
			dependencies = (
			);
			name = PseudoPieGraphExample;
			productName = PseudoPieGraphExample;
			productReference = 120DA4E724AF2BA8003B2CD3 /* PseudoPieGraphExample.app */;
			productType = "com.apple.product-type.application";
		};
		120DA4FC24AF2BA9003B2CD3 /* PseudoPieGraphExampleTests */ = {
			isa = PBXNativeTarget;
			buildConfigurationList = 120DA51424AF2BA9003B2CD3 /* Build configuration list for PBXNativeTarget "PseudoPieGraphExampleTests" */;
			buildPhases = (
				120DA4F924AF2BA9003B2CD3 /* Sources */,
				120DA4FA24AF2BA9003B2CD3 /* Frameworks */,
				120DA4FB24AF2BA9003B2CD3 /* Resources */,
			);
			buildRules = (
			);
			dependencies = (
				120DA4FF24AF2BA9003B2CD3 /* PBXTargetDependency */,
			);
			name = PseudoPieGraphExampleTests;
			productName = PseudoPieGraphExampleTests;
			productReference = 120DA4FD24AF2BA9003B2CD3 /* PseudoPieGraphExampleTests.xctest */;
			productType = "com.apple.product-type.bundle.unit-test";
		};
		120DA50724AF2BA9003B2CD3 /* PseudoPieGraphExampleUITests */ = {
			isa = PBXNativeTarget;
			buildConfigurationList = 120DA51724AF2BA9003B2CD3 /* Build configuration list for PBXNativeTarget "PseudoPieGraphExampleUITests" */;
			buildPhases = (
				120DA50424AF2BA9003B2CD3 /* Sources */,
				120DA50524AF2BA9003B2CD3 /* Frameworks */,
				120DA50624AF2BA9003B2CD3 /* Resources */,
			);
			buildRules = (
			);
			dependencies = (
				120DA50A24AF2BA9003B2CD3 /* PBXTargetDependency */,
			);
			name = PseudoPieGraphExampleUITests;
			productName = PseudoPieGraphExampleUITests;
			productReference = 120DA50824AF2BA9003B2CD3 /* PseudoPieGraphExampleUITests.xctest */;
			productType = "com.apple.product-type.bundle.ui-testing";
		};
/* End PBXNativeTarget section */

/* Begin PBXProject section */
		120DA4DF24AF2BA8003B2CD3 /* Project object */ = {
			isa = PBXProject;
			attributes = {
				LastSwiftUpdateCheck = 1140;
				LastUpgradeCheck = 1140;
				ORGANIZATIONNAME = PseudoLabs;
				TargetAttributes = {
					120DA4E624AF2BA8003B2CD3 = {
						CreatedOnToolsVersion = 11.4;
					};
					120DA4FC24AF2BA9003B2CD3 = {
						CreatedOnToolsVersion = 11.4;
						TestTargetID = 120DA4E624AF2BA8003B2CD3;
					};
					120DA50724AF2BA9003B2CD3 = {
						CreatedOnToolsVersion = 11.4;
						TestTargetID = 120DA4E624AF2BA8003B2CD3;
					};
				};
			};
			buildConfigurationList = 120DA4E224AF2BA8003B2CD3 /* Build configuration list for PBXProject "PseudoPieGraphExample" */;
			compatibilityVersion = "Xcode 9.3";
			developmentRegion = en;
			hasScannedForEncodings = 0;
			knownRegions = (
				en,
				Base,
			);
			mainGroup = 120DA4DE24AF2BA8003B2CD3;
			productRefGroup = 120DA4E824AF2BA8003B2CD3 /* Products */;
			projectDirPath = "";
			projectRoot = "";
			targets = (
				120DA4E624AF2BA8003B2CD3 /* PseudoPieGraphExample */,
				120DA4FC24AF2BA9003B2CD3 /* PseudoPieGraphExampleTests */,
				120DA50724AF2BA9003B2CD3 /* PseudoPieGraphExampleUITests */,
			);
		};
/* End PBXProject section */

/* Begin PBXResourcesBuildPhase section */
		120DA4E524AF2BA8003B2CD3 /* Resources */ = {
			isa = PBXResourcesBuildPhase;
			buildActionMask = 2147483647;
			files = (
				120DA4F724AF2BA9003B2CD3 /* LaunchScreen.storyboard in Resources */,
				120DA4F424AF2BA9003B2CD3 /* Assets.xcassets in Resources */,
				120DA4F224AF2BA8003B2CD3 /* Main.storyboard in Resources */,
			);
			runOnlyForDeploymentPostprocessing = 0;
		};
		120DA4FB24AF2BA9003B2CD3 /* Resources */ = {
			isa = PBXResourcesBuildPhase;
			buildActionMask = 2147483647;
			files = (
			);
			runOnlyForDeploymentPostprocessing = 0;
		};
		120DA50624AF2BA9003B2CD3 /* Resources */ = {
			isa = PBXResourcesBuildPhase;
			buildActionMask = 2147483647;
			files = (
			);
			runOnlyForDeploymentPostprocessing = 0;
		};
/* End PBXResourcesBuildPhase section */

/* Begin PBXShellScriptBuildPhase section */
		3575DBF15600E7851F0B2D2B /* [CP] Check Pods Manifest.lock */ = {
			isa = PBXShellScriptBuildPhase;
			buildActionMask = 2147483647;
			files = (
			);
			inputFileListPaths = (
			);
			inputPaths = (
				"${PODS_PODFILE_DIR_PATH}/Podfile.lock",
				"${PODS_ROOT}/Manifest.lock",
			);
			name = "[CP] Check Pods Manifest.lock";
			outputFileListPaths = (
			);
			outputPaths = (
				"$(DERIVED_FILE_DIR)/Pods-PseudoPieGraphExample-checkManifestLockResult.txt",
			);
			runOnlyForDeploymentPostprocessing = 0;
			shellPath = /bin/sh;
			shellScript = "diff \"${PODS_PODFILE_DIR_PATH}/Podfile.lock\" \"${PODS_ROOT}/Manifest.lock\" > /dev/null\nif [ $? != 0 ] ; then\n    # print error to STDERR\n    echo \"error: The sandbox is not in sync with the Podfile.lock. Run 'pod install' or update your CocoaPods installation.\" >&2\n    exit 1\nfi\n# This output is used by Xcode 'outputs' to avoid re-running this script phase.\necho \"SUCCESS\" > \"${SCRIPT_OUTPUT_FILE_0}\"\n";
			showEnvVarsInLog = 0;
		};
/* End PBXShellScriptBuildPhase section */

/* Begin PBXSourcesBuildPhase section */
		120DA4E324AF2BA8003B2CD3 /* Sources */ = {
			isa = PBXSourcesBuildPhase;
			buildActionMask = 2147483647;
			files = (
				120DA4EF24AF2BA8003B2CD3 /* ViewController.swift in Sources */,
				120DA4EB24AF2BA8003B2CD3 /* AppDelegate.swift in Sources */,
			);
			runOnlyForDeploymentPostprocessing = 0;
		};
		120DA4F924AF2BA9003B2CD3 /* Sources */ = {
			isa = PBXSourcesBuildPhase;
			buildActionMask = 2147483647;
			files = (
				120DA50224AF2BA9003B2CD3 /* PseudoPieGraphExampleTests.swift in Sources */,
			);
			runOnlyForDeploymentPostprocessing = 0;
		};
		120DA50424AF2BA9003B2CD3 /* Sources */ = {
			isa = PBXSourcesBuildPhase;
			buildActionMask = 2147483647;
			files = (
				120DA50D24AF2BA9003B2CD3 /* PseudoPieGraphExampleUITests.swift in Sources */,
			);
			runOnlyForDeploymentPostprocessing = 0;
		};
/* End PBXSourcesBuildPhase section */

/* Begin PBXTargetDependency section */
		120DA4FF24AF2BA9003B2CD3 /* PBXTargetDependency */ = {
			isa = PBXTargetDependency;
			target = 120DA4E624AF2BA8003B2CD3 /* PseudoPieGraphExample */;
			targetProxy = 120DA4FE24AF2BA9003B2CD3 /* PBXContainerItemProxy */;
		};
		120DA50A24AF2BA9003B2CD3 /* PBXTargetDependency */ = {
			isa = PBXTargetDependency;
			target = 120DA4E624AF2BA8003B2CD3 /* PseudoPieGraphExample */;
			targetProxy = 120DA50924AF2BA9003B2CD3 /* PBXContainerItemProxy */;
		};
/* End PBXTargetDependency section */

/* Begin PBXVariantGroup section */
		120DA4F024AF2BA8003B2CD3 /* Main.storyboard */ = {
			isa = PBXVariantGroup;
			children = (
				120DA4F124AF2BA8003B2CD3 /* Base */,
			);
			name = Main.storyboard;
			sourceTree = "<group>";
		};
		120DA4F524AF2BA9003B2CD3 /* LaunchScreen.storyboard */ = {
			isa = PBXVariantGroup;
			children = (
				120DA4F624AF2BA9003B2CD3 /* Base */,
			);
			name = LaunchScreen.storyboard;
			sourceTree = "<group>";
		};
/* End PBXVariantGroup section */

/* Begin XCBuildConfiguration section */
		120DA50F24AF2BA9003B2CD3 /* Debug */ = {
			isa = XCBuildConfiguration;
			buildSettings = {
				ALWAYS_SEARCH_USER_PATHS = NO;
				CLANG_ANALYZER_NONNULL = YES;
				CLANG_ANALYZER_NUMBER_OBJECT_CONVERSION = YES_AGGRESSIVE;
				CLANG_CXX_LANGUAGE_STANDARD = "gnu++14";
				CLANG_CXX_LIBRARY = "libc++";
				CLANG_ENABLE_MODULES = YES;
				CLANG_ENABLE_OBJC_ARC = YES;
				CLANG_ENABLE_OBJC_WEAK = YES;
				CLANG_WARN_BLOCK_CAPTURE_AUTORELEASING = YES;
				CLANG_WARN_BOOL_CONVERSION = YES;
				CLANG_WARN_COMMA = YES;
				CLANG_WARN_CONSTANT_CONVERSION = YES;
				CLANG_WARN_DEPRECATED_OBJC_IMPLEMENTATIONS = YES;
				CLANG_WARN_DIRECT_OBJC_ISA_USAGE = YES_ERROR;
				CLANG_WARN_DOCUMENTATION_COMMENTS = YES;
				CLANG_WARN_EMPTY_BODY = YES;
				CLANG_WARN_ENUM_CONVERSION = YES;
				CLANG_WARN_INFINITE_RECURSION = YES;
				CLANG_WARN_INT_CONVERSION = YES;
				CLANG_WARN_NON_LITERAL_NULL_CONVERSION = YES;
				CLANG_WARN_OBJC_IMPLICIT_RETAIN_SELF = YES;
				CLANG_WARN_OBJC_LITERAL_CONVERSION = YES;
				CLANG_WARN_OBJC_ROOT_CLASS = YES_ERROR;
				CLANG_WARN_RANGE_LOOP_ANALYSIS = YES;
				CLANG_WARN_STRICT_PROTOTYPES = YES;
				CLANG_WARN_SUSPICIOUS_MOVE = YES;
				CLANG_WARN_UNGUARDED_AVAILABILITY = YES_AGGRESSIVE;
				CLANG_WARN_UNREACHABLE_CODE = YES;
				CLANG_WARN__DUPLICATE_METHOD_MATCH = YES;
				COPY_PHASE_STRIP = NO;
				DEBUG_INFORMATION_FORMAT = dwarf;
				ENABLE_STRICT_OBJC_MSGSEND = YES;
				ENABLE_TESTABILITY = YES;
				GCC_C_LANGUAGE_STANDARD = gnu11;
				GCC_DYNAMIC_NO_PIC = NO;
				GCC_NO_COMMON_BLOCKS = YES;
				GCC_OPTIMIZATION_LEVEL = 0;
				GCC_PREPROCESSOR_DEFINITIONS = (
					"DEBUG=1",
					"$(inherited)",
				);
				GCC_WARN_64_TO_32_BIT_CONVERSION = YES;
				GCC_WARN_ABOUT_RETURN_TYPE = YES_ERROR;
				GCC_WARN_UNDECLARED_SELECTOR = YES;
				GCC_WARN_UNINITIALIZED_AUTOS = YES_AGGRESSIVE;
				GCC_WARN_UNUSED_FUNCTION = YES;
				GCC_WARN_UNUSED_VARIABLE = YES;
				IPHONEOS_DEPLOYMENT_TARGET = 11.4;
				MTL_ENABLE_DEBUG_INFO = INCLUDE_SOURCE;
				MTL_FAST_MATH = YES;
				ONLY_ACTIVE_ARCH = YES;
				SDKROOT = iphoneos;
				SWIFT_ACTIVE_COMPILATION_CONDITIONS = DEBUG;
				SWIFT_OPTIMIZATION_LEVEL = "-Onone";
			};
			name = Debug;
		};
		120DA51024AF2BA9003B2CD3 /* Release */ = {
			isa = XCBuildConfiguration;
			buildSettings = {
				ALWAYS_SEARCH_USER_PATHS = NO;
				CLANG_ANALYZER_NONNULL = YES;
				CLANG_ANALYZER_NUMBER_OBJECT_CONVERSION = YES_AGGRESSIVE;
				CLANG_CXX_LANGUAGE_STANDARD = "gnu++14";
				CLANG_CXX_LIBRARY = "libc++";
				CLANG_ENABLE_MODULES = YES;
				CLANG_ENABLE_OBJC_ARC = YES;
				CLANG_ENABLE_OBJC_WEAK = YES;
				CLANG_WARN_BLOCK_CAPTURE_AUTORELEASING = YES;
				CLANG_WARN_BOOL_CONVERSION = YES;
				CLANG_WARN_COMMA = YES;
				CLANG_WARN_CONSTANT_CONVERSION = YES;
				CLANG_WARN_DEPRECATED_OBJC_IMPLEMENTATIONS = YES;
				CLANG_WARN_DIRECT_OBJC_ISA_USAGE = YES_ERROR;
				CLANG_WARN_DOCUMENTATION_COMMENTS = YES;
				CLANG_WARN_EMPTY_BODY = YES;
				CLANG_WARN_ENUM_CONVERSION = YES;
				CLANG_WARN_INFINITE_RECURSION = YES;
				CLANG_WARN_INT_CONVERSION = YES;
				CLANG_WARN_NON_LITERAL_NULL_CONVERSION = YES;
				CLANG_WARN_OBJC_IMPLICIT_RETAIN_SELF = YES;
				CLANG_WARN_OBJC_LITERAL_CONVERSION = YES;
				CLANG_WARN_OBJC_ROOT_CLASS = YES_ERROR;
				CLANG_WARN_RANGE_LOOP_ANALYSIS = YES;
				CLANG_WARN_STRICT_PROTOTYPES = YES;
				CLANG_WARN_SUSPICIOUS_MOVE = YES;
				CLANG_WARN_UNGUARDED_AVAILABILITY = YES_AGGRESSIVE;
				CLANG_WARN_UNREACHABLE_CODE = YES;
				CLANG_WARN__DUPLICATE_METHOD_MATCH = YES;
				COPY_PHASE_STRIP = NO;
				DEBUG_INFORMATION_FORMAT = "dwarf-with-dsym";
				ENABLE_NS_ASSERTIONS = NO;
				ENABLE_STRICT_OBJC_MSGSEND = YES;
				GCC_C_LANGUAGE_STANDARD = gnu11;
				GCC_NO_COMMON_BLOCKS = YES;
				GCC_WARN_64_TO_32_BIT_CONVERSION = YES;
				GCC_WARN_ABOUT_RETURN_TYPE = YES_ERROR;
				GCC_WARN_UNDECLARED_SELECTOR = YES;
				GCC_WARN_UNINITIALIZED_AUTOS = YES_AGGRESSIVE;
				GCC_WARN_UNUSED_FUNCTION = YES;
				GCC_WARN_UNUSED_VARIABLE = YES;
				IPHONEOS_DEPLOYMENT_TARGET = 11.4;
				MTL_ENABLE_DEBUG_INFO = NO;
				MTL_FAST_MATH = YES;
				SDKROOT = iphoneos;
				SWIFT_COMPILATION_MODE = wholemodule;
				SWIFT_OPTIMIZATION_LEVEL = "-O";
				VALIDATE_PRODUCT = YES;
			};
			name = Release;
		};
		120DA51224AF2BA9003B2CD3 /* Debug */ = {
			isa = XCBuildConfiguration;
			baseConfigurationReference = C868DBA6FF47682B152DE07D /* Pods-PseudoPieGraphExample.debug.xcconfig */;
			buildSettings = {
				ASSETCATALOG_COMPILER_APPICON_NAME = AppIcon;
				CODE_SIGN_STYLE = Automatic;
				DEVELOPMENT_TEAM = QK54UKR8XZ;
				INFOPLIST_FILE = PseudoPieGraphExample/Info.plist;
				LD_RUNPATH_SEARCH_PATHS = (
					"$(inherited)",
					"@executable_path/Frameworks",
				);
				PRODUCT_BUNDLE_IDENTIFIER = com.pseudo.PseudoPieGraphExample;
				PRODUCT_NAME = "$(TARGET_NAME)";
				SWIFT_VERSION = 5.0;
				TARGETED_DEVICE_FAMILY = "1,2";
			};
			name = Debug;
		};
		120DA51324AF2BA9003B2CD3 /* Release */ = {
			isa = XCBuildConfiguration;
			baseConfigurationReference = 1D0EE00E4EB7185252F0307B /* Pods-PseudoPieGraphExample.release.xcconfig */;
			buildSettings = {
				ASSETCATALOG_COMPILER_APPICON_NAME = AppIcon;
				CODE_SIGN_STYLE = Automatic;
				DEVELOPMENT_TEAM = QK54UKR8XZ;
				INFOPLIST_FILE = PseudoPieGraphExample/Info.plist;
				LD_RUNPATH_SEARCH_PATHS = (
					"$(inherited)",
					"@executable_path/Frameworks",
				);
				PRODUCT_BUNDLE_IDENTIFIER = com.pseudo.PseudoPieGraphExample;
				PRODUCT_NAME = "$(TARGET_NAME)";
				SWIFT_VERSION = 5.0;
				TARGETED_DEVICE_FAMILY = "1,2";
			};
			name = Release;
		};
		120DA51524AF2BA9003B2CD3 /* Debug */ = {
			isa = XCBuildConfiguration;
			buildSettings = {
				ALWAYS_EMBED_SWIFT_STANDARD_LIBRARIES = YES;
				BUNDLE_LOADER = "$(TEST_HOST)";
				CODE_SIGN_STYLE = Automatic;
				DEVELOPMENT_TEAM = QK54UKR8XZ;
				INFOPLIST_FILE = PseudoPieGraphExampleTests/Info.plist;
				IPHONEOS_DEPLOYMENT_TARGET = 13.4;
				LD_RUNPATH_SEARCH_PATHS = (
					"$(inherited)",
					"@executable_path/Frameworks",
					"@loader_path/Frameworks",
				);
				PRODUCT_BUNDLE_IDENTIFIER = com.pseudo.PseudoPieGraphExampleTests;
				PRODUCT_NAME = "$(TARGET_NAME)";
				SWIFT_VERSION = 5.0;
				TARGETED_DEVICE_FAMILY = "1,2";
				TEST_HOST = "$(BUILT_PRODUCTS_DIR)/PseudoPieGraphExample.app/PseudoPieGraphExample";
			};
			name = Debug;
		};
		120DA51624AF2BA9003B2CD3 /* Release */ = {
			isa = XCBuildConfiguration;
			buildSettings = {
				ALWAYS_EMBED_SWIFT_STANDARD_LIBRARIES = YES;
				BUNDLE_LOADER = "$(TEST_HOST)";
				CODE_SIGN_STYLE = Automatic;
				DEVELOPMENT_TEAM = QK54UKR8XZ;
				INFOPLIST_FILE = PseudoPieGraphExampleTests/Info.plist;
				IPHONEOS_DEPLOYMENT_TARGET = 13.4;
				LD_RUNPATH_SEARCH_PATHS = (
					"$(inherited)",
					"@executable_path/Frameworks",
					"@loader_path/Frameworks",
				);
				PRODUCT_BUNDLE_IDENTIFIER = com.pseudo.PseudoPieGraphExampleTests;
				PRODUCT_NAME = "$(TARGET_NAME)";
				SWIFT_VERSION = 5.0;
				TARGETED_DEVICE_FAMILY = "1,2";
				TEST_HOST = "$(BUILT_PRODUCTS_DIR)/PseudoPieGraphExample.app/PseudoPieGraphExample";
			};
			name = Release;
		};
		120DA51824AF2BA9003B2CD3 /* Debug */ = {
			isa = XCBuildConfiguration;
			buildSettings = {
				ALWAYS_EMBED_SWIFT_STANDARD_LIBRARIES = YES;
				CODE_SIGN_STYLE = Automatic;
				DEVELOPMENT_TEAM = QK54UKR8XZ;
				INFOPLIST_FILE = PseudoPieGraphExampleUITests/Info.plist;
				LD_RUNPATH_SEARCH_PATHS = (
					"$(inherited)",
					"@executable_path/Frameworks",
					"@loader_path/Frameworks",
				);
				PRODUCT_BUNDLE_IDENTIFIER = com.pseudo.PseudoPieGraphExampleUITests;
				PRODUCT_NAME = "$(TARGET_NAME)";
				SWIFT_VERSION = 5.0;
				TARGETED_DEVICE_FAMILY = "1,2";
				TEST_TARGET_NAME = PseudoPieGraphExample;
			};
			name = Debug;
		};
		120DA51924AF2BA9003B2CD3 /* Release */ = {
			isa = XCBuildConfiguration;
			buildSettings = {
				ALWAYS_EMBED_SWIFT_STANDARD_LIBRARIES = YES;
				CODE_SIGN_STYLE = Automatic;
				DEVELOPMENT_TEAM = QK54UKR8XZ;
				INFOPLIST_FILE = PseudoPieGraphExampleUITests/Info.plist;
				LD_RUNPATH_SEARCH_PATHS = (
					"$(inherited)",
					"@executable_path/Frameworks",
					"@loader_path/Frameworks",
				);
				PRODUCT_BUNDLE_IDENTIFIER = com.pseudo.PseudoPieGraphExampleUITests;
				PRODUCT_NAME = "$(TARGET_NAME)";
				SWIFT_VERSION = 5.0;
				TARGETED_DEVICE_FAMILY = "1,2";
				TEST_TARGET_NAME = PseudoPieGraphExample;
			};
			name = Release;
		};
/* End XCBuildConfiguration section */

/* Begin XCConfigurationList section */
		120DA4E224AF2BA8003B2CD3 /* Build configuration list for PBXProject "PseudoPieGraphExample" */ = {
			isa = XCConfigurationList;
			buildConfigurations = (
				120DA50F24AF2BA9003B2CD3 /* Debug */,
				120DA51024AF2BA9003B2CD3 /* Release */,
			);
			defaultConfigurationIsVisible = 0;
			defaultConfigurationName = Release;
		};
		120DA51124AF2BA9003B2CD3 /* Build configuration list for PBXNativeTarget "PseudoPieGraphExample" */ = {
			isa = XCConfigurationList;
			buildConfigurations = (
				120DA51224AF2BA9003B2CD3 /* Debug */,
				120DA51324AF2BA9003B2CD3 /* Release */,
			);
			defaultConfigurationIsVisible = 0;
			defaultConfigurationName = Release;
		};
		120DA51424AF2BA9003B2CD3 /* Build configuration list for PBXNativeTarget "PseudoPieGraphExampleTests" */ = {
			isa = XCConfigurationList;
			buildConfigurations = (
				120DA51524AF2BA9003B2CD3 /* Debug */,
				120DA51624AF2BA9003B2CD3 /* Release */,
			);
			defaultConfigurationIsVisible = 0;
			defaultConfigurationName = Release;
		};
		120DA51724AF2BA9003B2CD3 /* Build configuration list for PBXNativeTarget "PseudoPieGraphExampleUITests" */ = {
			isa = XCConfigurationList;
			buildConfigurations = (
				120DA51824AF2BA9003B2CD3 /* Debug */,
				120DA51924AF2BA9003B2CD3 /* Release */,
			);
			defaultConfigurationIsVisible = 0;
			defaultConfigurationName = Release;
		};
/* End XCConfigurationList section */
	};
	rootObject = 120DA4DF24AF2BA8003B2CD3 /* Project object */;
}
